
Microsoft Visual Studio Solution File, Format Version 12.00
# Visual Studio Version 16
VisualStudioVersion = 16.0.30002.166
MinimumVisualStudioVersion = 10.0.40219.1
Project("{2150E333-8FDC-42A3-9474-1A3956D46DE8}") = "Source", "Source", "{44FEE26C-FC48-48C7-BF87-239D3D109799}"
EndProject
Project("{2150E333-8FDC-42A3-9474-1A3956D46DE8}") = "Core", "Core", "{F64AC95F-0C3B-40D6-9A8C-960F31EAD4B2}"
EndProject
Project("{9A19103F-16F7-4668-BE54-9A1E7A4F7556}") = "Main", "Core\Main.csproj", "{4E275766-9749-47A5-8743-7A6620543A4A}"
	ProjectSection(ProjectDependencies) = postProject
		{C0566543-5EA4-4979-93CE-3D91D114B38D} = {C0566543-5EA4-4979-93CE-3D91D114B38D}
		{1DCDEB5F-9E21-47F9-98A9-AC05B0473BBB} = {1DCDEB5F-9E21-47F9-98A9-AC05B0473BBB}
		{D31A268A-E56B-4236-8949-6ABCE82233FB} = {D31A268A-E56B-4236-8949-6ABCE82233FB}
	EndProjectSection
EndProject
Project("{9A19103F-16F7-4668-BE54-9A1E7A4F7556}") = "Devices.Sdk.Features.ADA", "Devices.Sdk.Features.ADA\Devices.Sdk.Features.ADA.csproj", "{C0566543-5EA4-4979-93CE-3D91D114B38D}"
EndProject
Project("{9A19103F-16F7-4668-BE54-9A1E7A4F7556}") = "Devices.Sdk.Features", "Devices.Sdk.Features\Devices.Sdk.Features.csproj", "{D31A268A-E56B-4236-8949-6ABCE82233FB}"
EndProject
Project("{2150E333-8FDC-42A3-9474-1A3956D46DE8}") = "Common", "Common", "{CC0C1327-F427-48D3-A0D3-EC9F95D2B7E7}"
EndProject
Project("{9A19103F-16F7-4668-BE54-9A1E7A4F7556}") = "Common", "Common\Common.csproj", "{1DCDEB5F-9E21-47F9-98A9-AC05B0473BBB}"
EndProject
Project("{2150E333-8FDC-42A3-9474-1A3956D46DE8}") = "Activator", "Activator", "{9F3FED4A-5402-4B37-B973-3B48105BB401}"
EndProject
Project("{9A19103F-16F7-4668-BE54-9A1E7A4F7556}") = "Activator", "Activator\Activator.csproj", "{B97AA604-BF31-48DF-B41E-1AC4ACDE9D04}"
	ProjectSection(ProjectDependencies) = postProject
		{C0566543-5EA4-4979-93CE-3D91D114B38D} = {C0566543-5EA4-4979-93CE-3D91D114B38D}
	EndProjectSection
EndProject
Project("{2150E333-8FDC-42A3-9474-1A3956D46DE8}") = "sdk", "sdk", "{6C15A46D-0745-4E93-8F8E-C5160F6DE757}"
EndProject
Global
	GlobalSection(SolutionConfigurationPlatforms) = preSolution
		Debug|Any CPU = Debug|Any CPU
		Release|Any CPU = Release|Any CPU
	EndGlobalSection
	GlobalSection(ProjectConfigurationPlatforms) = postSolution
		{4E275766-9749-47A5-8743-7A6620543A4A}.Debug|Any CPU.ActiveCfg = Debug|Any CPU
		{4E275766-9749-47A5-8743-7A6620543A4A}.Debug|Any CPU.Build.0 = Debug|Any CPU
		{4E275766-9749-47A5-8743-7A6620543A4A}.Release|Any CPU.ActiveCfg = Release|Any CPU
		{4E275766-9749-47A5-8743-7A6620543A4A}.Release|Any CPU.Build.0 = Release|Any CPU
		{C0566543-5EA4-4979-93CE-3D91D114B38D}.Debug|Any CPU.ActiveCfg = Debug|Any CPU
		{C0566543-5EA4-4979-93CE-3D91D114B38D}.Debug|Any CPU.Build.0 = Debug|Any CPU
		{C0566543-5EA4-4979-93CE-3D91D114B38D}.Release|Any CPU.ActiveCfg = Release|Any CPU
		{C0566543-5EA4-4979-93CE-3D91D114B38D}.Release|Any CPU.Build.0 = Release|Any CPU
		{D31A268A-E56B-4236-8949-6ABCE82233FB}.Debug|Any CPU.ActiveCfg = Debug|Any CPU
		{D31A268A-E56B-4236-8949-6ABCE82233FB}.Debug|Any CPU.Build.0 = Debug|Any CPU
		{D31A268A-E56B-4236-8949-6ABCE82233FB}.Release|Any CPU.ActiveCfg = Release|Any CPU
		{D31A268A-E56B-4236-8949-6ABCE82233FB}.Release|Any CPU.Build.0 = Release|Any CPU
		{1DCDEB5F-9E21-47F9-98A9-AC05B0473BBB}.Debug|Any CPU.ActiveCfg = Debug|Any CPU
		{1DCDEB5F-9E21-47F9-98A9-AC05B0473BBB}.Debug|Any CPU.Build.0 = Debug|Any CPU
		{1DCDEB5F-9E21-47F9-98A9-AC05B0473BBB}.Release|Any CPU.ActiveCfg = Release|Any CPU
		{1DCDEB5F-9E21-47F9-98A9-AC05B0473BBB}.Release|Any CPU.Build.0 = Release|Any CPU
		{B97AA604-BF31-48DF-B41E-1AC4ACDE9D04}.Debug|Any CPU.ActiveCfg = Debug|Any CPU
		{B97AA604-BF31-48DF-B41E-1AC4ACDE9D04}.Debug|Any CPU.Build.0 = Debug|Any CPU
		{B97AA604-BF31-48DF-B41E-1AC4ACDE9D04}.Release|Any CPU.ActiveCfg = Release|Any CPU
		{B97AA604-BF31-48DF-B41E-1AC4ACDE9D04}.Release|Any CPU.Build.0 = Release|Any CPU
	EndGlobalSection
	GlobalSection(SolutionProperties) = preSolution
		HideSolutionNode = FALSE
	EndGlobalSection
	GlobalSection(NestedProjects) = preSolution
		{F64AC95F-0C3B-40D6-9A8C-960F31EAD4B2} = {44FEE26C-FC48-48C7-BF87-239D3D109799}
		{4E275766-9749-47A5-8743-7A6620543A4A} = {F64AC95F-0C3B-40D6-9A8C-960F31EAD4B2}
		{C0566543-5EA4-4979-93CE-3D91D114B38D} = {6C15A46D-0745-4E93-8F8E-C5160F6DE757}
		{D31A268A-E56B-4236-8949-6ABCE82233FB} = {6C15A46D-0745-4E93-8F8E-C5160F6DE757}
		{CC0C1327-F427-48D3-A0D3-EC9F95D2B7E7} = {44FEE26C-FC48-48C7-BF87-239D3D109799}
		{1DCDEB5F-9E21-47F9-98A9-AC05B0473BBB} = {CC0C1327-F427-48D3-A0D3-EC9F95D2B7E7}
		{9F3FED4A-5402-4B37-B973-3B48105BB401} = {44FEE26C-FC48-48C7-BF87-239D3D109799}
		{B97AA604-BF31-48DF-B41E-1AC4ACDE9D04} = {9F3FED4A-5402-4B37-B973-3B48105BB401}
		{6C15A46D-0745-4E93-8F8E-C5160F6DE757} = {44FEE26C-FC48-48C7-BF87-239D3D109799}
	EndGlobalSection
	GlobalSection(ExtensibilityGlobals) = postSolution
		SolutionGuid = {D77C1A14-C56C-468B-B854-99F517096FD4}
	EndGlobalSection
EndGlobal
